
Microsoft Visual Studio Solution File, Format Version 12.00
Project("{FAE04EC0-301F-11D3-BF4B-00C04F79EFBC}") = "TwitchSrBot", "TwitchSrBot\TwitchSrBot.csproj", "{EF0EC5AD-D24F-4EF0-9625-87CC99AF6229}"
EndProject
Global
	GlobalSection(SolutionConfigurationPlatforms) = preSolution
		Debug|Any CPU = Debug|Any CPU
		Release|Any CPU = Release|Any CPU
	EndGlobalSection
	GlobalSection(ProjectConfigurationPlatforms) = postSolution
		{EF0EC5AD-D24F-4EF0-9625-87CC99AF6229}.Debug|Any CPU.ActiveCfg = Debug|Any CPU
		{EF0EC5AD-D24F-4EF0-9625-87CC99AF6229}.Debug|Any CPU.Build.0 = Debug|Any CPU
		{EF0EC5AD-D24F-4EF0-9625-87CC99AF6229}.Release|Any CPU.ActiveCfg = Release|Any CPU
		{EF0EC5AD-D24F-4EF0-9625-87CC99AF6229}.Release|Any CPU.Build.0 = Release|Any CPU
	EndGlobalSection
EndGlobal
